
Microsoft Visual Studio Solution File, Format Version 12.00
# Visual Studio Version 17
VisualStudioVersion = 17.10.34707.107
MinimumVisualStudioVersion = 10.0.40219.1
Project("{9A19103F-16F7-4668-BE54-9A1E7A4F7556}") = "TYDotNetCore.ConsoleApp", "TYDotNetCore.ConsoleApp\TYDotNetCore.ConsoleApp.csproj", "{8CA4A268-3658-466F-B498-D8AC52CDE815}"
EndProject
Project("{2150E333-8FDC-42A3-9474-1A3956D46DE8}") = "Documents", "Documents", "{699D7E6C-4707-43F3-9781-E0528F5F7C33}"
	ProjectSection(SolutionItems) = preProject
		DotNetTrainingBatch4.sql = DotNetTrainingBatch4.sql
		README.md = README.md
	EndProjectSection
EndProject
Project("{9A19103F-16F7-4668-BE54-9A1E7A4F7556}") = "TYDotNetCore.RestApi", "TYDotNetCore.RestApi\TYDotNetCore.RestApi.csproj", "{7B625DB2-EEE7-4AC6-A9C6-AA682C59F49C}"
EndProject
Project("{9A19103F-16F7-4668-BE54-9A1E7A4F7556}") = "TYDotNetCore.Shared", "TYDotNetCore.Shared\TYDotNetCore.Shared.csproj", "{FFA66843-93B0-409E-92BE-94E26A4DA1CD}"
EndProject
Project("{9A19103F-16F7-4668-BE54-9A1E7A4F7556}") = "TYDotNetCore.RestApiWithNLayer", "TYDotNetCore.RestApiWithNLayer\TYDotNetCore.RestApiWithNLayer.csproj", "{478046F4-7A8F-4426-84E9-0BA490812982}"
EndProject
Project("{9A19103F-16F7-4668-BE54-9A1E7A4F7556}") = "TYDotNetCore.ConsoleAppHttpClient", "TYDotNetCore.ConsoleAppHttpClient\TYDotNetCore.ConsoleAppHttpClient.csproj", "{52CF7CA6-9A2F-493F-87CF-D57E6B50B569}"
EndProject
Project("{FAE04EC0-301F-11D3-BF4B-00C04F79EFBC}") = "TYDotNetCore.ConsoleAppHttpClientExample", "TYDotNetCore.ConsoleAppHttpClientExample\TYDotNetCore.ConsoleAppHttpClientExample.csproj", "{7D254D42-D29E-4978-A7F3-69886755B89F}"
EndProject
Global
	GlobalSection(SolutionConfigurationPlatforms) = preSolution
		Debug|Any CPU = Debug|Any CPU
		Release|Any CPU = Release|Any CPU
	EndGlobalSection
	GlobalSection(ProjectConfigurationPlatforms) = postSolution
		{8CA4A268-3658-466F-B498-D8AC52CDE815}.Debug|Any CPU.ActiveCfg = Debug|Any CPU
		{8CA4A268-3658-466F-B498-D8AC52CDE815}.Debug|Any CPU.Build.0 = Debug|Any CPU
		{8CA4A268-3658-466F-B498-D8AC52CDE815}.Release|Any CPU.ActiveCfg = Release|Any CPU
		{8CA4A268-3658-466F-B498-D8AC52CDE815}.Release|Any CPU.Build.0 = Release|Any CPU
		{7B625DB2-EEE7-4AC6-A9C6-AA682C59F49C}.Debug|Any CPU.ActiveCfg = Debug|Any CPU
		{7B625DB2-EEE7-4AC6-A9C6-AA682C59F49C}.Debug|Any CPU.Build.0 = Debug|Any CPU
		{7B625DB2-EEE7-4AC6-A9C6-AA682C59F49C}.Release|Any CPU.ActiveCfg = Release|Any CPU
		{7B625DB2-EEE7-4AC6-A9C6-AA682C59F49C}.Release|Any CPU.Build.0 = Release|Any CPU
		{FFA66843-93B0-409E-92BE-94E26A4DA1CD}.Debug|Any CPU.ActiveCfg = Debug|Any CPU
		{FFA66843-93B0-409E-92BE-94E26A4DA1CD}.Debug|Any CPU.Build.0 = Debug|Any CPU
		{FFA66843-93B0-409E-92BE-94E26A4DA1CD}.Release|Any CPU.ActiveCfg = Release|Any CPU
		{FFA66843-93B0-409E-92BE-94E26A4DA1CD}.Release|Any CPU.Build.0 = Release|Any CPU
		{478046F4-7A8F-4426-84E9-0BA490812982}.Debug|Any CPU.ActiveCfg = Debug|Any CPU
		{478046F4-7A8F-4426-84E9-0BA490812982}.Debug|Any CPU.Build.0 = Debug|Any CPU
		{478046F4-7A8F-4426-84E9-0BA490812982}.Release|Any CPU.ActiveCfg = Release|Any CPU
		{478046F4-7A8F-4426-84E9-0BA490812982}.Release|Any CPU.Build.0 = Release|Any CPU
		{52CF7CA6-9A2F-493F-87CF-D57E6B50B569}.Debug|Any CPU.ActiveCfg = Debug|Any CPU
		{52CF7CA6-9A2F-493F-87CF-D57E6B50B569}.Debug|Any CPU.Build.0 = Debug|Any CPU
		{52CF7CA6-9A2F-493F-87CF-D57E6B50B569}.Release|Any CPU.ActiveCfg = Release|Any CPU
		{52CF7CA6-9A2F-493F-87CF-D57E6B50B569}.Release|Any CPU.Build.0 = Release|Any CPU
		{7D254D42-D29E-4978-A7F3-69886755B89F}.Debug|Any CPU.ActiveCfg = Debug|Any CPU
		{7D254D42-D29E-4978-A7F3-69886755B89F}.Debug|Any CPU.Build.0 = Debug|Any CPU
		{7D254D42-D29E-4978-A7F3-69886755B89F}.Release|Any CPU.ActiveCfg = Release|Any CPU
		{7D254D42-D29E-4978-A7F3-69886755B89F}.Release|Any CPU.Build.0 = Release|Any CPU
	EndGlobalSection
	GlobalSection(SolutionProperties) = preSolution
		HideSolutionNode = FALSE
	EndGlobalSection
	GlobalSection(ExtensibilityGlobals) = postSolution
		SolutionGuid = {EC4A5357-E80E-4836-8C44-CBBC99471825}
	EndGlobalSection
EndGlobal
